// !$*UTF8*$!
{
	archiveVersion = 1;
	classes = {
	};
	objectVersion = 50;
	objects = {

/* Begin PBXBuildFile section */
		8701C74021C1D0220020ECF3 /* TasksListRouter.swift in Sources */ = {isa = PBXBuildFile; fileRef = 8701C73F21C1D0220020ECF3 /* TasksListRouter.swift */; };
		879947D521C063DA00B74DCC /* AppDelegate.swift in Sources */ = {isa = PBXBuildFile; fileRef = 879947D421C063DA00B74DCC /* AppDelegate.swift */; };
		879947DA21C063DA00B74DCC /* Main.storyboard in Resources */ = {isa = PBXBuildFile; fileRef = 879947D821C063DA00B74DCC /* Main.storyboard */; };
		879947DC21C063DE00B74DCC /* Assets.xcassets in Resources */ = {isa = PBXBuildFile; fileRef = 879947DB21C063DE00B74DCC /* Assets.xcassets */; };
		879947DF21C063DE00B74DCC /* LaunchScreen.storyboard in Resources */ = {isa = PBXBuildFile; fileRef = 879947DD21C063DE00B74DCC /* LaunchScreen.storyboard */; };
		879947E921C065D700B74DCC /* ProjectsListVC.swift in Sources */ = {isa = PBXBuildFile; fileRef = 879947E821C065D700B74DCC /* ProjectsListVC.swift */; };
		879947F321C06D4500B74DCC /* ProjectsDataSource.swift in Sources */ = {isa = PBXBuildFile; fileRef = 879947F121C06D4500B74DCC /* ProjectsDataSource.swift */; };
		879947FB21C075C500B74DCC /* TasksListVC.swift in Sources */ = {isa = PBXBuildFile; fileRef = 879947FA21C075C500B74DCC /* TasksListVC.swift */; };
		8799480621C0774700B74DCC /* DataManager.swift in Sources */ = {isa = PBXBuildFile; fileRef = 8799480421C0774700B74DCC /* DataManager.swift */; };
		8799480721C0774700B74DCC /* TasksDataSource.swift in Sources */ = {isa = PBXBuildFile; fileRef = 8799480521C0774700B74DCC /* TasksDataSource.swift */; };
		8799480B21C0792900B74DCC /* ProjectsListRouter.swift in Sources */ = {isa = PBXBuildFile; fileRef = 8799480A21C0792900B74DCC /* ProjectsListRouter.swift */; };
		8799480D21C07B2800B74DCC /* TaskDetailsVC.swift in Sources */ = {isa = PBXBuildFile; fileRef = 8799480C21C07B2800B74DCC /* TaskDetailsVC.swift */; };
/* End PBXBuildFile section */

/* Begin PBXFileReference section */
		8701C73F21C1D0220020ECF3 /* TasksListRouter.swift */ = {isa = PBXFileReference; lastKnownFileType = sourcecode.swift; path = TasksListRouter.swift; sourceTree = "<group>"; };
		879947D121C063DA00B74DCC /* JiraKiller.app */ = {isa = PBXFileReference; explicitFileType = wrapper.application; includeInIndex = 0; path = JiraKiller.app; sourceTree = BUILT_PRODUCTS_DIR; };
		879947D421C063DA00B74DCC /* AppDelegate.swift */ = {isa = PBXFileReference; lastKnownFileType = sourcecode.swift; path = AppDelegate.swift; sourceTree = "<group>"; };
		879947D921C063DA00B74DCC /* Base */ = {isa = PBXFileReference; lastKnownFileType = file.storyboard; name = Base; path = Base.lproj/Main.storyboard; sourceTree = "<group>"; };
		879947DB21C063DE00B74DCC /* Assets.xcassets */ = {isa = PBXFileReference; lastKnownFileType = folder.assetcatalog; path = Assets.xcassets; sourceTree = "<group>"; };
		879947DE21C063DE00B74DCC /* Base */ = {isa = PBXFileReference; lastKnownFileType = file.storyboard; name = Base; path = Base.lproj/LaunchScreen.storyboard; sourceTree = "<group>"; };
		879947E021C063DE00B74DCC /* Info.plist */ = {isa = PBXFileReference; lastKnownFileType = text.plist.xml; path = Info.plist; sourceTree = "<group>"; };
		879947E821C065D700B74DCC /* ProjectsListVC.swift */ = {isa = PBXFileReference; lastKnownFileType = sourcecode.swift; path = ProjectsListVC.swift; sourceTree = "<group>"; };
		879947F121C06D4500B74DCC /* ProjectsDataSource.swift */ = {isa = PBXFileReference; fileEncoding = 4; lastKnownFileType = sourcecode.swift; path = ProjectsDataSource.swift; sourceTree = "<group>"; };
		879947FA21C075C500B74DCC /* TasksListVC.swift */ = {isa = PBXFileReference; lastKnownFileType = sourcecode.swift; path = TasksListVC.swift; sourceTree = "<group>"; };
		8799480421C0774700B74DCC /* DataManager.swift */ = {isa = PBXFileReference; fileEncoding = 4; lastKnownFileType = sourcecode.swift; path = DataManager.swift; sourceTree = "<group>"; };
		8799480521C0774700B74DCC /* TasksDataSource.swift */ = {isa = PBXFileReference; fileEncoding = 4; lastKnownFileType = sourcecode.swift; path = TasksDataSource.swift; sourceTree = "<group>"; };
		8799480A21C0792900B74DCC /* ProjectsListRouter.swift */ = {isa = PBXFileReference; fileEncoding = 4; lastKnownFileType = sourcecode.swift; path = ProjectsListRouter.swift; sourceTree = "<group>"; };
		8799480C21C07B2800B74DCC /* TaskDetailsVC.swift */ = {isa = PBXFileReference; fileEncoding = 4; lastKnownFileType = sourcecode.swift; path = TaskDetailsVC.swift; sourceTree = "<group>"; };
/* End PBXFileReference section */

/* Begin PBXFrameworksBuildPhase section */
		879947CE21C063DA00B74DCC /* Frameworks */ = {
			isa = PBXFrameworksBuildPhase;
			buildActionMask = 2147483647;
			files = (
			);
			runOnlyForDeploymentPostprocessing = 0;
		};
/* End PBXFrameworksBuildPhase section */

/* Begin PBXGroup section */
		8701C73D21C1CFDD0020ECF3 /* ProjectsList */ = {
			isa = PBXGroup;
			children = (
				879947E821C065D700B74DCC /* ProjectsListVC.swift */,
				879947F121C06D4500B74DCC /* ProjectsDataSource.swift */,
				8799480A21C0792900B74DCC /* ProjectsListRouter.swift */,
			);
			path = ProjectsList;
			sourceTree = "<group>";
		};
		8701C73E21C1CFF20020ECF3 /* TasksList */ = {
			isa = PBXGroup;
			children = (
				879947FA21C075C500B74DCC /* TasksListVC.swift */,
				8799480521C0774700B74DCC /* TasksDataSource.swift */,
				8701C73F21C1D0220020ECF3 /* TasksListRouter.swift */,
			);
			path = TasksList;
			sourceTree = "<group>";
		};
		879947C821C063DA00B74DCC = {
			isa = PBXGroup;
			children = (
				879947D321C063DA00B74DCC /* JiraKiller */,
				879947D221C063DA00B74DCC /* Products */,
			);
			sourceTree = "<group>";
		};
		879947D221C063DA00B74DCC /* Products */ = {
			isa = PBXGroup;
			children = (
				879947D121C063DA00B74DCC /* JiraKiller.app */,
			);
			name = Products;
			sourceTree = "<group>";
		};
		879947D321C063DA00B74DCC /* JiraKiller */ = {
			isa = PBXGroup;
			children = (
				8701C73D21C1CFDD0020ECF3 /* ProjectsList */,
				8701C73E21C1CFF20020ECF3 /* TasksList */,
				8799480C21C07B2800B74DCC /* TaskDetailsVC.swift */,
				879947D821C063DA00B74DCC /* Main.storyboard */,
				879947EF21C06D4500B74DCC /* Services */,
				879947E721C0656600B74DCC /* Supporting Files */,
			);
			path = JiraKiller;
			sourceTree = "<group>";
		};
		879947E721C0656600B74DCC /* Supporting Files */ = {
			isa = PBXGroup;
			children = (
				879947D421C063DA00B74DCC /* AppDelegate.swift */,
				879947DB21C063DE00B74DCC /* Assets.xcassets */,
				879947DD21C063DE00B74DCC /* LaunchScreen.storyboard */,
				879947E021C063DE00B74DCC /* Info.plist */,
			);
			path = "Supporting Files";
			sourceTree = "<group>";
		};
		879947EF21C06D4500B74DCC /* Services */ = {
			isa = PBXGroup;
			children = (
				8799480421C0774700B74DCC /* DataManager.swift */,
			);
			path = Services;
			sourceTree = "<group>";
		};
/* End PBXGroup section */

/* Begin PBXNativeTarget section */
		879947D021C063DA00B74DCC /* JiraKiller */ = {
			isa = PBXNativeTarget;
			buildConfigurationList = 879947E321C063DE00B74DCC /* Build configuration list for PBXNativeTarget "JiraKiller" */;
			buildPhases = (
				879947CD21C063DA00B74DCC /* Sources */,
				879947CE21C063DA00B74DCC /* Frameworks */,
				879947CF21C063DA00B74DCC /* Resources */,
			);
			buildRules = (
			);
			dependencies = (
			);
			name = JiraKiller;
			productName = JiraKiller;
			productReference = 879947D121C063DA00B74DCC /* JiraKiller.app */;
			productType = "com.apple.product-type.application";
		};
/* End PBXNativeTarget section */

/* Begin PBXProject section */
		879947C921C063DA00B74DCC /* Project object */ = {
			isa = PBXProject;
			attributes = {
				LastSwiftUpdateCheck = 0940;
				LastUpgradeCheck = 0940;
				ORGANIZATIONNAME = "Andrij Trubchanin";
				TargetAttributes = {
					879947D021C063DA00B74DCC = {
						CreatedOnToolsVersion = 9.4.1;
					};
				};
			};
			buildConfigurationList = 879947CC21C063DA00B74DCC /* Build configuration list for PBXProject "JiraKiller" */;
			compatibilityVersion = "Xcode 9.3";
			developmentRegion = en;
			hasScannedForEncodings = 0;
			knownRegions = (
				en,
				Base,
			);
			mainGroup = 879947C821C063DA00B74DCC;
			productRefGroup = 879947D221C063DA00B74DCC /* Products */;
			projectDirPath = "";
			projectRoot = "";
			targets = (
				879947D021C063DA00B74DCC /* JiraKiller */,
			);
		};
/* End PBXProject section */

/* Begin PBXResourcesBuildPhase section */
		879947CF21C063DA00B74DCC /* Resources */ = {
			isa = PBXResourcesBuildPhase;
			buildActionMask = 2147483647;
			files = (
				879947DF21C063DE00B74DCC /* LaunchScreen.storyboard in Resources */,
				879947DC21C063DE00B74DCC /* Assets.xcassets in Resources */,
				879947DA21C063DA00B74DCC /* Main.storyboard in Resources */,
			);
			runOnlyForDeploymentPostprocessing = 0;
		};
/* End PBXResourcesBuildPhase section */

/* Begin PBXSourcesBuildPhase section */
		879947CD21C063DA00B74DCC /* Sources */ = {
			isa = PBXSourcesBuildPhase;
			buildActionMask = 2147483647;
			files = (
				8799480D21C07B2800B74DCC /* TaskDetailsVC.swift in Sources */,
				879947F321C06D4500B74DCC /* ProjectsDataSource.swift in Sources */,
				8701C74021C1D0220020ECF3 /* TasksListRouter.swift in Sources */,
				8799480621C0774700B74DCC /* DataManager.swift in Sources */,
				879947FB21C075C500B74DCC /* TasksListVC.swift in Sources */,
				8799480B21C0792900B74DCC /* ProjectsListRouter.swift in Sources */,
				879947E921C065D700B74DCC /* ProjectsListVC.swift in Sources */,
				879947D521C063DA00B74DCC /* AppDelegate.swift in Sources */,
				8799480721C0774700B74DCC /* TasksDataSource.swift in Sources */,
			);
			runOnlyForDeploymentPostprocessing = 0;
		};
/* End PBXSourcesBuildPhase section */

/* Begin PBXVariantGroup section */
		879947D821C063DA00B74DCC /* Main.storyboard */ = {
			isa = PBXVariantGroup;
			children = (
				879947D921C063DA00B74DCC /* Base */,
			);
			name = Main.storyboard;
			sourceTree = "<group>";
		};
		879947DD21C063DE00B74DCC /* LaunchScreen.storyboard */ = {
			isa = PBXVariantGroup;
			children = (
				879947DE21C063DE00B74DCC /* Base */,
			);
			name = LaunchScreen.storyboard;
			sourceTree = "<group>";
		};
/* End PBXVariantGroup section */

/* Begin XCBuildConfiguration section */
		879947E121C063DE00B74DCC /* Debug */ = {
			isa = XCBuildConfiguration;
			buildSettings = {
				ALWAYS_SEARCH_USER_PATHS = NO;
				CLANG_ANALYZER_NONNULL = YES;
				CLANG_ANALYZER_NUMBER_OBJECT_CONVERSION = YES_AGGRESSIVE;
				CLANG_CXX_LANGUAGE_STANDARD = "gnu++14";
				CLANG_CXX_LIBRARY = "libc++";
				CLANG_ENABLE_MODULES = YES;
				CLANG_ENABLE_OBJC_ARC = YES;
				CLANG_ENABLE_OBJC_WEAK = YES;
				CLANG_WARN_BLOCK_CAPTURE_AUTORELEASING = YES;
				CLANG_WARN_BOOL_CONVERSION = YES;
				CLANG_WARN_COMMA = YES;
				CLANG_WARN_CONSTANT_CONVERSION = YES;
				CLANG_WARN_DEPRECATED_OBJC_IMPLEMENTATIONS = YES;
				CLANG_WARN_DIRECT_OBJC_ISA_USAGE = YES_ERROR;
				CLANG_WARN_DOCUMENTATION_COMMENTS = YES;
				CLANG_WARN_EMPTY_BODY = YES;
				CLANG_WARN_ENUM_CONVERSION = YES;
				CLANG_WARN_INFINITE_RECURSION = YES;
				CLANG_WARN_INT_CONVERSION = YES;
				CLANG_WARN_NON_LITERAL_NULL_CONVERSION = YES;
				CLANG_WARN_OBJC_IMPLICIT_RETAIN_SELF = YES;
				CLANG_WARN_OBJC_LITERAL_CONVERSION = YES;
				CLANG_WARN_OBJC_ROOT_CLASS = YES_ERROR;
				CLANG_WARN_RANGE_LOOP_ANALYSIS = YES;
				CLANG_WARN_STRICT_PROTOTYPES = YES;
				CLANG_WARN_SUSPICIOUS_MOVE = YES;
				CLANG_WARN_UNGUARDED_AVAILABILITY = YES_AGGRESSIVE;
				CLANG_WARN_UNREACHABLE_CODE = YES;
				CLANG_WARN__DUPLICATE_METHOD_MATCH = YES;
				CODE_SIGN_IDENTITY = "iPhone Developer";
				COPY_PHASE_STRIP = NO;
				DEBUG_INFORMATION_FORMAT = dwarf;
				ENABLE_STRICT_OBJC_MSGSEND = YES;
				ENABLE_TESTABILITY = YES;
				GCC_C_LANGUAGE_STANDARD = gnu11;
				GCC_DYNAMIC_NO_PIC = NO;
				GCC_NO_COMMON_BLOCKS = YES;
				GCC_OPTIMIZATION_LEVEL = 0;
				GCC_PREPROCESSOR_DEFINITIONS = (
					"DEBUG=1",
					"$(inherited)",
				);
				GCC_WARN_64_TO_32_BIT_CONVERSION = YES;
				GCC_WARN_ABOUT_RETURN_TYPE = YES_ERROR;
				GCC_WARN_UNDECLARED_SELECTOR = YES;
				GCC_WARN_UNINITIALIZED_AUTOS = YES_AGGRESSIVE;
				GCC_WARN_UNUSED_FUNCTION = YES;
				GCC_WARN_UNUSED_VARIABLE = YES;
				IPHONEOS_DEPLOYMENT_TARGET = 11.4;
				MTL_ENABLE_DEBUG_INFO = YES;
				ONLY_ACTIVE_ARCH = YES;
				SDKROOT = iphoneos;
				SWIFT_ACTIVE_COMPILATION_CONDITIONS = DEBUG;
				SWIFT_OPTIMIZATION_LEVEL = "-Onone";
			};
			name = Debug;
		};
		879947E221C063DE00B74DCC /* Release */ = {
			isa = XCBuildConfiguration;
			buildSettings = {
				ALWAYS_SEARCH_USER_PATHS = NO;
				CLANG_ANALYZER_NONNULL = YES;
				CLANG_ANALYZER_NUMBER_OBJECT_CONVERSION = YES_AGGRESSIVE;
				CLANG_CXX_LANGUAGE_STANDARD = "gnu++14";
				CLANG_CXX_LIBRARY = "libc++";
				CLANG_ENABLE_MODULES = YES;
				CLANG_ENABLE_OBJC_ARC = YES;
				CLANG_ENABLE_OBJC_WEAK = YES;
				CLANG_WARN_BLOCK_CAPTURE_AUTORELEASING = YES;
				CLANG_WARN_BOOL_CONVERSION = YES;
				CLANG_WARN_COMMA = YES;
				CLANG_WARN_CONSTANT_CONVERSION = YES;
				CLANG_WARN_DEPRECATED_OBJC_IMPLEMENTATIONS = YES;
				CLANG_WARN_DIRECT_OBJC_ISA_USAGE = YES_ERROR;
				CLANG_WARN_DOCUMENTATION_COMMENTS = YES;
				CLANG_WARN_EMPTY_BODY = YES;
				CLANG_WARN_ENUM_CONVERSION = YES;
				CLANG_WARN_INFINITE_RECURSION = YES;
				CLANG_WARN_INT_CONVERSION = YES;
				CLANG_WARN_NON_LITERAL_NULL_CONVERSION = YES;
				CLANG_WARN_OBJC_IMPLICIT_RETAIN_SELF = YES;
				CLANG_WARN_OBJC_LITERAL_CONVERSION = YES;
				CLANG_WARN_OBJC_ROOT_CLASS = YES_ERROR;
				CLANG_WARN_RANGE_LOOP_ANALYSIS = YES;
				CLANG_WARN_STRICT_PROTOTYPES = YES;
				CLANG_WARN_SUSPICIOUS_MOVE = YES;
				CLANG_WARN_UNGUARDED_AVAILABILITY = YES_AGGRESSIVE;
				CLANG_WARN_UNREACHABLE_CODE = YES;
				CLANG_WARN__DUPLICATE_METHOD_MATCH = YES;
				CODE_SIGN_IDENTITY = "iPhone Developer";
				COPY_PHASE_STRIP = NO;
				DEBUG_INFORMATION_FORMAT = "dwarf-with-dsym";
				ENABLE_NS_ASSERTIONS = NO;
				ENABLE_STRICT_OBJC_MSGSEND = YES;
				GCC_C_LANGUAGE_STANDARD = gnu11;
				GCC_NO_COMMON_BLOCKS = YES;
				GCC_WARN_64_TO_32_BIT_CONVERSION = YES;
				GCC_WARN_ABOUT_RETURN_TYPE = YES_ERROR;
				GCC_WARN_UNDECLARED_SELECTOR = YES;
				GCC_WARN_UNINITIALIZED_AUTOS = YES_AGGRESSIVE;
				GCC_WARN_UNUSED_FUNCTION = YES;
				GCC_WARN_UNUSED_VARIABLE = YES;
				IPHONEOS_DEPLOYMENT_TARGET = 11.4;
				MTL_ENABLE_DEBUG_INFO = NO;
				SDKROOT = iphoneos;
				SWIFT_COMPILATION_MODE = wholemodule;
				SWIFT_OPTIMIZATION_LEVEL = "-O";
				VALIDATE_PRODUCT = YES;
			};
			name = Release;
		};
		879947E421C063DE00B74DCC /* Debug */ = {
			isa = XCBuildConfiguration;
			buildSettings = {
				ASSETCATALOG_COMPILER_APPICON_NAME = AppIcon;
				CODE_SIGN_STYLE = Automatic;
				DEVELOPMENT_TEAM = C9NT3SAT5M;
				INFOPLIST_FILE = "$(SRCROOT)/JiraKiller/Supporting Files/Info.plist";
				LD_RUNPATH_SEARCH_PATHS = (
					"$(inherited)",
					"@executable_path/Frameworks",
				);
				PRODUCT_BUNDLE_IDENTIFIER = trand.JiraKiller;
				PRODUCT_NAME = "$(TARGET_NAME)";
				SWIFT_VERSION = 4.0;
				TARGETED_DEVICE_FAMILY = "1,2";
			};
			name = Debug;
		};
		879947E521C063DE00B74DCC /* Release */ = {
			isa = XCBuildConfiguration;
			buildSettings = {
				ASSETCATALOG_COMPILER_APPICON_NAME = AppIcon;
				CODE_SIGN_STYLE = Automatic;
				DEVELOPMENT_TEAM = C9NT3SAT5M;
				INFOPLIST_FILE = "$(SRCROOT)/JiraKiller/Supporting Files/Info.plist";
				LD_RUNPATH_SEARCH_PATHS = (
					"$(inherited)",
					"@executable_path/Frameworks",
				);
				PRODUCT_BUNDLE_IDENTIFIER = trand.JiraKiller;
				PRODUCT_NAME = "$(TARGET_NAME)";
				SWIFT_VERSION = 4.0;
				TARGETED_DEVICE_FAMILY = "1,2";
			};
			name = Release;
		};
/* End XCBuildConfiguration section */

/* Begin XCConfigurationList section */
		879947CC21C063DA00B74DCC /* Build configuration list for PBXProject "JiraKiller" */ = {
			isa = XCConfigurationList;
			buildConfigurations = (
				879947E121C063DE00B74DCC /* Debug */,
				879947E221C063DE00B74DCC /* Release */,
			);
			defaultConfigurationIsVisible = 0;
			defaultConfigurationName = Release;
		};
		879947E321C063DE00B74DCC /* Build configuration list for PBXNativeTarget "JiraKiller" */ = {
			isa = XCConfigurationList;
			buildConfigurations = (
				879947E421C063DE00B74DCC /* Debug */,
				879947E521C063DE00B74DCC /* Release */,
			);
			defaultConfigurationIsVisible = 0;
			defaultConfigurationName = Release;
		};
/* End XCConfigurationList section */
	};
	rootObject = 879947C921C063DA00B74DCC /* Project object */;
}
